// !$*UTF8*$!
{
	archiveVersion = 1;
	classes = {
	};
	objectVersion = 46;
	objects = {

/* Begin PBXBuildFile section */
		1A25672F1D76C9450044373E /* main.m in Sources */ = {isa = PBXBuildFile; fileRef = 1A25672E1D76C9450044373E /* main.m */; };
		1A2567321D76C9450044373E /* AppDelegate.m in Sources */ = {isa = PBXBuildFile; fileRef = 1A2567311D76C9450044373E /* AppDelegate.m */; };
		1A2567351D76C9450044373E /* ViewController.m in Sources */ = {isa = PBXBuildFile; fileRef = 1A2567341D76C9450044373E /* ViewController.m */; };
		1A2567381D76C9450044373E /* Main.storyboard in Resources */ = {isa = PBXBuildFile; fileRef = 1A2567361D76C9450044373E /* Main.storyboard */; };
		1A25673A1D76C9450044373E /* Assets.xcassets in Resources */ = {isa = PBXBuildFile; fileRef = 1A2567391D76C9450044373E /* Assets.xcassets */; };
		1A25673D1D76C9450044373E /* LaunchScreen.storyboard in Resources */ = {isa = PBXBuildFile; fileRef = 1A25673B1D76C9450044373E /* LaunchScreen.storyboard */; };
		1A2567481D76CB6E0044373E /* FirstViewController.m in Sources */ = {isa = PBXBuildFile; fileRef = 1A2567471D76CB6E0044373E /* FirstViewController.m */; };
		1A25674B1D76CBC80044373E /* DetailViewController.m in Sources */ = {isa = PBXBuildFile; fileRef = 1A25674A1D76CBC80044373E /* DetailViewController.m */; };
		1A25674E1D76CBE00044373E /* CategoryViewController.m in Sources */ = {isa = PBXBuildFile; fileRef = 1A25674D1D76CBE00044373E /* CategoryViewController.m */; };
		1A2567511D76CBF50044373E /* CategoryViewCell.m in Sources */ = {isa = PBXBuildFile; fileRef = 1A2567501D76CBF50044373E /* CategoryViewCell.m */; };
		1A2567541D76CC390044373E /* CategoryImagesViewController.m in Sources */ = {isa = PBXBuildFile; fileRef = 1A2567531D76CC390044373E /* CategoryImagesViewController.m */; };
		1A2567571D76CC470044373E /* CategoryImagesViewCell.m in Sources */ = {isa = PBXBuildFile; fileRef = 1A2567561D76CC470044373E /* CategoryImagesViewCell.m */; };
		1A25675A1D76CCCC0044373E /* CommonLogic.m in Sources */ = {isa = PBXBuildFile; fileRef = 1A2567591D76CCCC0044373E /* CommonLogic.m */; };
		1ADC6E351D76DBAC001ED8D5 /* Network.m in Sources */ = {isa = PBXBuildFile; fileRef = 1ADC6E341D76DBAC001ED8D5 /* Network.m */; };
		1ADC6E391D76DBD6001ED8D5 /* FlickrSearchModel.m in Sources */ = {isa = PBXBuildFile; fileRef = 1ADC6E381D76DBD6001ED8D5 /* FlickrSearchModel.m */; };
		1ADC6E3D1D76DBF1001ED8D5 /* PhotosModel.m in Sources */ = {isa = PBXBuildFile; fileRef = 1ADC6E3C1D76DBF1001ED8D5 /* PhotosModel.m */; };
		1ADC6E401D76DC06001ED8D5 /* PhotoModel.m in Sources */ = {isa = PBXBuildFile; fileRef = 1ADC6E3F1D76DC06001ED8D5 /* PhotoModel.m */; };
		1ADC6E431D76E0B5001ED8D5 /* CategoryModel.m in Sources */ = {isa = PBXBuildFile; fileRef = 1ADC6E421D76E0B5001ED8D5 /* CategoryModel.m */; };
		3A8F315D8E4CB0F0E1C06E2D /* libPods-Classifieds.a in Frameworks */ = {isa = PBXBuildFile; fileRef = 186615FB924607F761BEBD15 /* libPods-Classifieds.a */; };
/* End PBXBuildFile section */

/* Begin PBXFileReference section */
		186615FB924607F761BEBD15 /* libPods-Classifieds.a */ = {isa = PBXFileReference; explicitFileType = archive.ar; includeInIndex = 0; path = "libPods-Classifieds.a"; sourceTree = BUILT_PRODUCTS_DIR; };
		1A25672A1D76C9450044373E /* Classifieds.app */ = {isa = PBXFileReference; explicitFileType = wrapper.application; includeInIndex = 0; path = Classifieds.app; sourceTree = BUILT_PRODUCTS_DIR; };
		1A25672E1D76C9450044373E /* main.m */ = {isa = PBXFileReference; lastKnownFileType = sourcecode.c.objc; path = main.m; sourceTree = "<group>"; };
		1A2567301D76C9450044373E /* AppDelegate.h */ = {isa = PBXFileReference; lastKnownFileType = sourcecode.c.h; path = AppDelegate.h; sourceTree = "<group>"; };
		1A2567311D76C9450044373E /* AppDelegate.m */ = {isa = PBXFileReference; lastKnownFileType = sourcecode.c.objc; path = AppDelegate.m; sourceTree = "<group>"; };
		1A2567331D76C9450044373E /* ViewController.h */ = {isa = PBXFileReference; lastKnownFileType = sourcecode.c.h; path = ViewController.h; sourceTree = "<group>"; };
		1A2567341D76C9450044373E /* ViewController.m */ = {isa = PBXFileReference; lastKnownFileType = sourcecode.c.objc; path = ViewController.m; sourceTree = "<group>"; };
		1A2567371D76C9450044373E /* Base */ = {isa = PBXFileReference; lastKnownFileType = file.storyboard; name = Base; path = Base.lproj/Main.storyboard; sourceTree = "<group>"; };
		1A2567391D76C9450044373E /* Assets.xcassets */ = {isa = PBXFileReference; lastKnownFileType = folder.assetcatalog; path = Assets.xcassets; sourceTree = "<group>"; };
		1A25673C1D76C9450044373E /* Base */ = {isa = PBXFileReference; lastKnownFileType = file.storyboard; name = Base; path = Base.lproj/LaunchScreen.storyboard; sourceTree = "<group>"; };
		1A25673E1D76C9450044373E /* Info.plist */ = {isa = PBXFileReference; lastKnownFileType = text.plist.xml; path = Info.plist; sourceTree = "<group>"; };
		1A2567461D76CB6E0044373E /* FirstViewController.h */ = {isa = PBXFileReference; fileEncoding = 4; lastKnownFileType = sourcecode.c.h; path = FirstViewController.h; sourceTree = "<group>"; };
		1A2567471D76CB6E0044373E /* FirstViewController.m */ = {isa = PBXFileReference; fileEncoding = 4; lastKnownFileType = sourcecode.c.objc; path = FirstViewController.m; sourceTree = "<group>"; };
		1A2567491D76CBC80044373E /* DetailViewController.h */ = {isa = PBXFileReference; fileEncoding = 4; lastKnownFileType = sourcecode.c.h; path = DetailViewController.h; sourceTree = "<group>"; };
		1A25674A1D76CBC80044373E /* DetailViewController.m */ = {isa = PBXFileReference; fileEncoding = 4; lastKnownFileType = sourcecode.c.objc; path = DetailViewController.m; sourceTree = "<group>"; };
		1A25674C1D76CBE00044373E /* CategoryViewController.h */ = {isa = PBXFileReference; fileEncoding = 4; lastKnownFileType = sourcecode.c.h; path = CategoryViewController.h; sourceTree = "<group>"; };
		1A25674D1D76CBE00044373E /* CategoryViewController.m */ = {isa = PBXFileReference; fileEncoding = 4; lastKnownFileType = sourcecode.c.objc; path = CategoryViewController.m; sourceTree = "<group>"; };
		1A25674F1D76CBF50044373E /* CategoryViewCell.h */ = {isa = PBXFileReference; fileEncoding = 4; lastKnownFileType = sourcecode.c.h; path = CategoryViewCell.h; sourceTree = "<group>"; };
		1A2567501D76CBF50044373E /* CategoryViewCell.m */ = {isa = PBXFileReference; fileEncoding = 4; lastKnownFileType = sourcecode.c.objc; path = CategoryViewCell.m; sourceTree = "<group>"; };
		1A2567521D76CC390044373E /* CategoryImagesViewController.h */ = {isa = PBXFileReference; fileEncoding = 4; lastKnownFileType = sourcecode.c.h; path = CategoryImagesViewController.h; sourceTree = "<group>"; };
		1A2567531D76CC390044373E /* CategoryImagesViewController.m */ = {isa = PBXFileReference; fileEncoding = 4; lastKnownFileType = sourcecode.c.objc; path = CategoryImagesViewController.m; sourceTree = "<group>"; };
		1A2567551D76CC470044373E /* CategoryImagesViewCell.h */ = {isa = PBXFileReference; fileEncoding = 4; lastKnownFileType = sourcecode.c.h; path = CategoryImagesViewCell.h; sourceTree = "<group>"; };
		1A2567561D76CC470044373E /* CategoryImagesViewCell.m */ = {isa = PBXFileReference; fileEncoding = 4; lastKnownFileType = sourcecode.c.objc; path = CategoryImagesViewCell.m; sourceTree = "<group>"; };
		1A2567581D76CCCC0044373E /* CommonLogic.h */ = {isa = PBXFileReference; fileEncoding = 4; lastKnownFileType = sourcecode.c.h; name = CommonLogic.h; path = DataLayer/CommonLogic.h; sourceTree = "<group>"; };
		1A2567591D76CCCC0044373E /* CommonLogic.m */ = {isa = PBXFileReference; fileEncoding = 4; lastKnownFileType = sourcecode.c.objc; name = CommonLogic.m; path = DataLayer/CommonLogic.m; sourceTree = "<group>"; };
		1ADC6E321D76DAD8001ED8D5 /* Constants.h */ = {isa = PBXFileReference; lastKnownFileType = sourcecode.c.h; name = Constants.h; path = DataLayer/Constants.h; sourceTree = "<group>"; };
		1ADC6E331D76DBAC001ED8D5 /* Network.h */ = {isa = PBXFileReference; fileEncoding = 4; lastKnownFileType = sourcecode.c.h; name = Network.h; path = NetworkLayer/Network.h; sourceTree = "<group>"; };
		1ADC6E341D76DBAC001ED8D5 /* Network.m */ = {isa = PBXFileReference; fileEncoding = 4; lastKnownFileType = sourcecode.c.objc; name = Network.m; path = NetworkLayer/Network.m; sourceTree = "<group>"; };
		1ADC6E371D76DBD6001ED8D5 /* FlickrSearchModel.h */ = {isa = PBXFileReference; fileEncoding = 4; lastKnownFileType = sourcecode.c.h; name = FlickrSearchModel.h; path = DataLayer/ObjectClasses/FlickrSearchModel.h; sourceTree = "<group>"; };
		1ADC6E381D76DBD6001ED8D5 /* FlickrSearchModel.m */ = {isa = PBXFileReference; fileEncoding = 4; lastKnownFileType = sourcecode.c.objc; name = FlickrSearchModel.m; path = DataLayer/ObjectClasses/FlickrSearchModel.m; sourceTree = "<group>"; };
		1ADC6E3B1D76DBF1001ED8D5 /* PhotosModel.h */ = {isa = PBXFileReference; fileEncoding = 4; lastKnownFileType = sourcecode.c.h; name = PhotosModel.h; path = DataLayer/ObjectClasses/PhotosModel.h; sourceTree = "<group>"; };
		1ADC6E3C1D76DBF1001ED8D5 /* PhotosModel.m */ = {isa = PBXFileReference; fileEncoding = 4; lastKnownFileType = sourcecode.c.objc; name = PhotosModel.m; path = DataLayer/ObjectClasses/PhotosModel.m; sourceTree = "<group>"; };
		1ADC6E3E1D76DC06001ED8D5 /* PhotoModel.h */ = {isa = PBXFileReference; fileEncoding = 4; lastKnownFileType = sourcecode.c.h; name = PhotoModel.h; path = DataLayer/ObjectClasses/PhotoModel.h; sourceTree = "<group>"; };
		1ADC6E3F1D76DC06001ED8D5 /* PhotoModel.m */ = {isa = PBXFileReference; fileEncoding = 4; lastKnownFileType = sourcecode.c.objc; name = PhotoModel.m; path = DataLayer/ObjectClasses/PhotoModel.m; sourceTree = "<group>"; };
		1ADC6E411D76E0B5001ED8D5 /* CategoryModel.h */ = {isa = PBXFileReference; fileEncoding = 4; lastKnownFileType = sourcecode.c.h; name = CategoryModel.h; path = DataLayer/ObjectClasses/CategoryModel.h; sourceTree = "<group>"; };
		1ADC6E421D76E0B5001ED8D5 /* CategoryModel.m */ = {isa = PBXFileReference; fileEncoding = 4; lastKnownFileType = sourcecode.c.objc; name = CategoryModel.m; path = DataLayer/ObjectClasses/CategoryModel.m; sourceTree = "<group>"; };
		2BFBBB9BBFD6143394F0D0B0 /* Pods-Classifieds.debug.xcconfig */ = {isa = PBXFileReference; includeInIndex = 1; lastKnownFileType = text.xcconfig; name = "Pods-Classifieds.debug.xcconfig"; path = "Pods/Target Support Files/Pods-Classifieds/Pods-Classifieds.debug.xcconfig"; sourceTree = "<group>"; };
		CB0045D14A17FACEECB1AC5A /* Pods-Classifieds.release.xcconfig */ = {isa = PBXFileReference; includeInIndex = 1; lastKnownFileType = text.xcconfig; name = "Pods-Classifieds.release.xcconfig"; path = "Pods/Target Support Files/Pods-Classifieds/Pods-Classifieds.release.xcconfig"; sourceTree = "<group>"; };
/* End PBXFileReference section */

/* Begin PBXFrameworksBuildPhase section */
		1A2567271D76C9450044373E /* Frameworks */ = {
			isa = PBXFrameworksBuildPhase;
			buildActionMask = 2147483647;
			files = (
				3A8F315D8E4CB0F0E1C06E2D /* libPods-Classifieds.a in Frameworks */,
			);
			runOnlyForDeploymentPostprocessing = 0;
		};
/* End PBXFrameworksBuildPhase section */

/* Begin PBXGroup section */
		1A2567211D76C9450044373E = {
			isa = PBXGroup;
			children = (
				1A25672C1D76C9450044373E /* Classifieds */,
				1A25672B1D76C9450044373E /* Products */,
				B95F2C6F11F7DD5191FA8328 /* Pods */,
				6B050E5EB74F116B25BB1B90 /* Frameworks */,
			);
			sourceTree = "<group>";
		};
		1A25672B1D76C9450044373E /* Products */ = {
			isa = PBXGroup;
			children = (
				1A25672A1D76C9450044373E /* Classifieds.app */,
			);
			name = Products;
			sourceTree = "<group>";
		};
		1A25672C1D76C9450044373E /* Classifieds */ = {
			isa = PBXGroup;
			children = (
				1ADC6E361D76DBAF001ED8D5 /* NetworkLayer */,
				1A25675B1D76CCCF0044373E /* DataLayer */,
				1A2567441D76CAFF0044373E /* AppDelegate */,
				1A2567451D76CB0E0044373E /* ViewControllers */,
				1A25675C1D76CCE70044373E /* Storyboards */,
				1A25675D1D76CCEF0044373E /* Assets */,
				1A25675E1D76CCF30044373E /* Info */,
				1A25672D1D76C9450044373E /* Supporting Files */,
			);
			path = Classifieds;
			sourceTree = "<group>";
		};
		1A25672D1D76C9450044373E /* Supporting Files */ = {
			isa = PBXGroup;
			children = (
				1A25672E1D76C9450044373E /* main.m */,
			);
			name = "Supporting Files";
			sourceTree = "<group>";
		};
		1A2567441D76CAFF0044373E /* AppDelegate */ = {
			isa = PBXGroup;
			children = (
				1A2567301D76C9450044373E /* AppDelegate.h */,
				1A2567311D76C9450044373E /* AppDelegate.m */,
			);
			name = AppDelegate;
			sourceTree = "<group>";
		};
		1A2567451D76CB0E0044373E /* ViewControllers */ = {
			isa = PBXGroup;
			children = (
				1A25675F1D76D2890044373E /* SplashViewController */,
				1A2567601D76D2930044373E /* FirstViewController */,
				1A2567611D76D29C0044373E /* DetailViewController */,
				1A2567621D76D2B10044373E /* CategoryCollection */,
				1A2567631D76D2B80044373E /* CategoryImagesCollection */,
			);
			name = ViewControllers;
			sourceTree = "<group>";
		};
		1A25675B1D76CCCF0044373E /* DataLayer */ = {
			isa = PBXGroup;
			children = (
				1A2567581D76CCCC0044373E /* CommonLogic.h */,
				1A2567591D76CCCC0044373E /* CommonLogic.m */,
				1ADC6E321D76DAD8001ED8D5 /* Constants.h */,
				1ADC6E3A1D76DBD9001ED8D5 /* ObjectClasses */,
			);
			name = DataLayer;
			sourceTree = "<group>";
		};
		1A25675C1D76CCE70044373E /* Storyboards */ = {
			isa = PBXGroup;
			children = (
				1A2567361D76C9450044373E /* Main.storyboard */,
				1A25673B1D76C9450044373E /* LaunchScreen.storyboard */,
			);
			name = Storyboards;
			sourceTree = "<group>";
		};
		1A25675D1D76CCEF0044373E /* Assets */ = {
			isa = PBXGroup;
			children = (
				1A2567391D76C9450044373E /* Assets.xcassets */,
			);
			name = Assets;
			sourceTree = "<group>";
		};
		1A25675E1D76CCF30044373E /* Info */ = {
			isa = PBXGroup;
			children = (
				1A25673E1D76C9450044373E /* Info.plist */,
			);
			name = Info;
			sourceTree = "<group>";
		};
		1A25675F1D76D2890044373E /* SplashViewController */ = {
			isa = PBXGroup;
			children = (
				1A2567331D76C9450044373E /* ViewController.h */,
				1A2567341D76C9450044373E /* ViewController.m */,
			);
			name = SplashViewController;
			sourceTree = "<group>";
		};
		1A2567601D76D2930044373E /* FirstViewController */ = {
			isa = PBXGroup;
			children = (
				1A2567461D76CB6E0044373E /* FirstViewController.h */,
				1A2567471D76CB6E0044373E /* FirstViewController.m */,
			);
			name = FirstViewController;
			sourceTree = "<group>";
		};
		1A2567611D76D29C0044373E /* DetailViewController */ = {
			isa = PBXGroup;
			children = (
				1A2567491D76CBC80044373E /* DetailViewController.h */,
				1A25674A1D76CBC80044373E /* DetailViewController.m */,
			);
			name = DetailViewController;
			sourceTree = "<group>";
		};
		1A2567621D76D2B10044373E /* CategoryCollection */ = {
			isa = PBXGroup;
			children = (
				1A25674C1D76CBE00044373E /* CategoryViewController.h */,
				1A25674D1D76CBE00044373E /* CategoryViewController.m */,
				1A25674F1D76CBF50044373E /* CategoryViewCell.h */,
				1A2567501D76CBF50044373E /* CategoryViewCell.m */,
			);
			name = CategoryCollection;
			sourceTree = "<group>";
		};
		1A2567631D76D2B80044373E /* CategoryImagesCollection */ = {
			isa = PBXGroup;
			children = (
				1A2567521D76CC390044373E /* CategoryImagesViewController.h */,
				1A2567531D76CC390044373E /* CategoryImagesViewController.m */,
				1A2567551D76CC470044373E /* CategoryImagesViewCell.h */,
				1A2567561D76CC470044373E /* CategoryImagesViewCell.m */,
			);
			name = CategoryImagesCollection;
			sourceTree = "<group>";
		};
		1ADC6E361D76DBAF001ED8D5 /* NetworkLayer */ = {
			isa = PBXGroup;
			children = (
				1ADC6E331D76DBAC001ED8D5 /* Network.h */,
				1ADC6E341D76DBAC001ED8D5 /* Network.m */,
			);
			name = NetworkLayer;
			sourceTree = "<group>";
		};
		1ADC6E3A1D76DBD9001ED8D5 /* ObjectClasses */ = {
			isa = PBXGroup;
			children = (
				1ADC6E371D76DBD6001ED8D5 /* FlickrSearchModel.h */,
				1ADC6E381D76DBD6001ED8D5 /* FlickrSearchModel.m */,
				1ADC6E3B1D76DBF1001ED8D5 /* PhotosModel.h */,
				1ADC6E3C1D76DBF1001ED8D5 /* PhotosModel.m */,
				1ADC6E3E1D76DC06001ED8D5 /* PhotoModel.h */,
				1ADC6E3F1D76DC06001ED8D5 /* PhotoModel.m */,
				1ADC6E411D76E0B5001ED8D5 /* CategoryModel.h */,
				1ADC6E421D76E0B5001ED8D5 /* CategoryModel.m */,
			);
			name = ObjectClasses;
			sourceTree = "<group>";
		};
		6B050E5EB74F116B25BB1B90 /* Frameworks */ = {
			isa = PBXGroup;
			children = (
				186615FB924607F761BEBD15 /* libPods-Classifieds.a */,
			);
			name = Frameworks;
			sourceTree = "<group>";
		};
		B95F2C6F11F7DD5191FA8328 /* Pods */ = {
			isa = PBXGroup;
			children = (
				2BFBBB9BBFD6143394F0D0B0 /* Pods-Classifieds.debug.xcconfig */,
				CB0045D14A17FACEECB1AC5A /* Pods-Classifieds.release.xcconfig */,
			);
			name = Pods;
			sourceTree = "<group>";
		};
/* End PBXGroup section */

/* Begin PBXNativeTarget section */
		1A2567291D76C9450044373E /* Classifieds */ = {
			isa = PBXNativeTarget;
			buildConfigurationList = 1A2567411D76C9450044373E /* Build configuration list for PBXNativeTarget "Classifieds" */;
			buildPhases = (
				30DCD58A34809137329040EF /* [CP] Check Pods Manifest.lock */,
				1A2567261D76C9450044373E /* Sources */,
				1A2567271D76C9450044373E /* Frameworks */,
				1A2567281D76C9450044373E /* Resources */,
				02D61B46E10BEDBE375CCD4D /* [CP] Embed Pods Frameworks */,
				1BC8DD336E383FC177590607 /* [CP] Copy Pods Resources */,
			);
			buildRules = (
			);
			dependencies = (
			);
			name = Classifieds;
			productName = Classifieds;
			productReference = 1A25672A1D76C9450044373E /* Classifieds.app */;
			productType = "com.apple.product-type.application";
		};
/* End PBXNativeTarget section */

/* Begin PBXProject section */
		1A2567221D76C9450044373E /* Project object */ = {
			isa = PBXProject;
			attributes = {
				LastUpgradeCheck = 0730;
				ORGANIZATIONNAME = "Mujtaba Alam";
				TargetAttributes = {
					1A2567291D76C9450044373E = {
						CreatedOnToolsVersion = 7.3;
					};
				};
			};
			buildConfigurationList = 1A2567251D76C9450044373E /* Build configuration list for PBXProject "Classifieds" */;
			compatibilityVersion = "Xcode 3.2";
			developmentRegion = English;
			hasScannedForEncodings = 0;
			knownRegions = (
				en,
				Base,
			);
			mainGroup = 1A2567211D76C9450044373E;
			productRefGroup = 1A25672B1D76C9450044373E /* Products */;
			projectDirPath = "";
			projectRoot = "";
			targets = (
				1A2567291D76C9450044373E /* Classifieds */,
			);
		};
/* End PBXProject section */

/* Begin PBXResourcesBuildPhase section */
		1A2567281D76C9450044373E /* Resources */ = {
			isa = PBXResourcesBuildPhase;
			buildActionMask = 2147483647;
			files = (
				1A25673D1D76C9450044373E /* LaunchScreen.storyboard in Resources */,
				1A25673A1D76C9450044373E /* Assets.xcassets in Resources */,
				1A2567381D76C9450044373E /* Main.storyboard in Resources */,
			);
			runOnlyForDeploymentPostprocessing = 0;
		};
/* End PBXResourcesBuildPhase section */

/* Begin PBXShellScriptBuildPhase section */
		02D61B46E10BEDBE375CCD4D /* [CP] Embed Pods Frameworks */ = {
			isa = PBXShellScriptBuildPhase;
			buildActionMask = 2147483647;
			files = (
			);
			inputPaths = (
			);
			name = "[CP] Embed Pods Frameworks";
			outputPaths = (
			);
			runOnlyForDeploymentPostprocessing = 0;
			shellPath = /bin/sh;
			shellScript = "\"${SRCROOT}/Pods/Target Support Files/Pods-Classifieds/Pods-Classifieds-frameworks.sh\"\n";
			showEnvVarsInLog = 0;
		};
		1BC8DD336E383FC177590607 /* [CP] Copy Pods Resources */ = {
			isa = PBXShellScriptBuildPhase;
			buildActionMask = 2147483647;
			files = (
			);
			inputPaths = (
			);
			name = "[CP] Copy Pods Resources";
			outputPaths = (
			);
			runOnlyForDeploymentPostprocessing = 0;
			shellPath = /bin/sh;
			shellScript = "\"${SRCROOT}/Pods/Target Support Files/Pods-Classifieds/Pods-Classifieds-resources.sh\"\n";
			showEnvVarsInLog = 0;
		};
		30DCD58A34809137329040EF /* [CP] Check Pods Manifest.lock */ = {
			isa = PBXShellScriptBuildPhase;
			buildActionMask = 2147483647;
			files = (
			);
			inputPaths = (
			);
			name = "[CP] Check Pods Manifest.lock";
			outputPaths = (
			);
			runOnlyForDeploymentPostprocessing = 0;
			shellPath = /bin/sh;
			shellScript = "diff \"${PODS_ROOT}/../Podfile.lock\" \"${PODS_ROOT}/Manifest.lock\" > /dev/null\nif [[ $? != 0 ]] ; then\n    cat << EOM\nerror: The sandbox is not in sync with the Podfile.lock. Run 'pod install' or update your CocoaPods installation.\nEOM\n    exit 1\nfi\n";
			showEnvVarsInLog = 0;
		};
/* End PBXShellScriptBuildPhase section */

/* Begin PBXSourcesBuildPhase section */
		1A2567261D76C9450044373E /* Sources */ = {
			isa = PBXSourcesBuildPhase;
			buildActionMask = 2147483647;
			files = (
				1A25674B1D76CBC80044373E /* DetailViewController.m in Sources */,
				1A25675A1D76CCCC0044373E /* CommonLogic.m in Sources */,
				1A2567571D76CC470044373E /* CategoryImagesViewCell.m in Sources */,
				1ADC6E351D76DBAC001ED8D5 /* Network.m in Sources */,
				1A2567351D76C9450044373E /* ViewController.m in Sources */,
				1A2567321D76C9450044373E /* AppDelegate.m in Sources */,
				1A25672F1D76C9450044373E /* main.m in Sources */,
				1A2567541D76CC390044373E /* CategoryImagesViewController.m in Sources */,
				1ADC6E401D76DC06001ED8D5 /* PhotoModel.m in Sources */,
				1ADC6E391D76DBD6001ED8D5 /* FlickrSearchModel.m in Sources */,
				1A25674E1D76CBE00044373E /* CategoryViewController.m in Sources */,
				1ADC6E3D1D76DBF1001ED8D5 /* PhotosModel.m in Sources */,
				1A2567511D76CBF50044373E /* CategoryViewCell.m in Sources */,
				1ADC6E431D76E0B5001ED8D5 /* CategoryModel.m in Sources */,
				1A2567481D76CB6E0044373E /* FirstViewController.m in Sources */,
			);
			runOnlyForDeploymentPostprocessing = 0;
		};
/* End PBXSourcesBuildPhase section */

/* Begin PBXVariantGroup section */
		1A2567361D76C9450044373E /* Main.storyboard */ = {
			isa = PBXVariantGroup;
			children = (
				1A2567371D76C9450044373E /* Base */,
			);
			name = Main.storyboard;
			sourceTree = "<group>";
		};
		1A25673B1D76C9450044373E /* LaunchScreen.storyboard */ = {
			isa = PBXVariantGroup;
			children = (
				1A25673C1D76C9450044373E /* Base */,
			);
			name = LaunchScreen.storyboard;
			sourceTree = "<group>";
		};
/* End PBXVariantGroup section */

/* Begin XCBuildConfiguration section */
		1A25673F1D76C9450044373E /* Debug */ = {
			isa = XCBuildConfiguration;
			buildSettings = {
				ALWAYS_SEARCH_USER_PATHS = NO;
				CLANG_ANALYZER_NONNULL = YES;
				CLANG_CXX_LANGUAGE_STANDARD = "gnu++0x";
				CLANG_CXX_LIBRARY = "libc++";
				CLANG_ENABLE_MODULES = YES;
				CLANG_ENABLE_OBJC_ARC = YES;
				CLANG_WARN_BOOL_CONVERSION = YES;
				CLANG_WARN_CONSTANT_CONVERSION = YES;
				CLANG_WARN_DIRECT_OBJC_ISA_USAGE = YES_ERROR;
				CLANG_WARN_EMPTY_BODY = YES;
				CLANG_WARN_ENUM_CONVERSION = YES;
				CLANG_WARN_INT_CONVERSION = YES;
				CLANG_WARN_OBJC_ROOT_CLASS = YES_ERROR;
				CLANG_WARN_UNREACHABLE_CODE = YES;
				CLANG_WARN__DUPLICATE_METHOD_MATCH = YES;
				"CODE_SIGN_IDENTITY[sdk=iphoneos*]" = "iPhone Developer";
				COPY_PHASE_STRIP = NO;
				DEBUG_INFORMATION_FORMAT = dwarf;
				ENABLE_STRICT_OBJC_MSGSEND = YES;
				ENABLE_TESTABILITY = YES;
				GCC_C_LANGUAGE_STANDARD = gnu99;
				GCC_DYNAMIC_NO_PIC = NO;
				GCC_NO_COMMON_BLOCKS = YES;
				GCC_OPTIMIZATION_LEVEL = 0;
				GCC_PREPROCESSOR_DEFINITIONS = (
					"DEBUG=1",
					"$(inherited)",
				);
				GCC_WARN_64_TO_32_BIT_CONVERSION = YES;
				GCC_WARN_ABOUT_RETURN_TYPE = YES_ERROR;
				GCC_WARN_UNDECLARED_SELECTOR = YES;
				GCC_WARN_UNINITIALIZED_AUTOS = YES_AGGRESSIVE;
				GCC_WARN_UNUSED_FUNCTION = YES;
				GCC_WARN_UNUSED_VARIABLE = YES;
				IPHONEOS_DEPLOYMENT_TARGET = 9.3;
				MTL_ENABLE_DEBUG_INFO = YES;
				ONLY_ACTIVE_ARCH = YES;
				SDKROOT = iphoneos;
			};
			name = Debug;
		};
		1A2567401D76C9450044373E /* Release */ = {
			isa = XCBuildConfiguration;
			buildSettings = {
				ALWAYS_SEARCH_USER_PATHS = NO;
				CLANG_ANALYZER_NONNULL = YES;
				CLANG_CXX_LANGUAGE_STANDARD = "gnu++0x";
				CLANG_CXX_LIBRARY = "libc++";
				CLANG_ENABLE_MODULES = YES;
				CLANG_ENABLE_OBJC_ARC = YES;
				CLANG_WARN_BOOL_CONVERSION = YES;
				CLANG_WARN_CONSTANT_CONVERSION = YES;
				CLANG_WARN_DIRECT_OBJC_ISA_USAGE = YES_ERROR;
				CLANG_WARN_EMPTY_BODY = YES;
				CLANG_WARN_ENUM_CONVERSION = YES;
				CLANG_WARN_INT_CONVERSION = YES;
				CLANG_WARN_OBJC_ROOT_CLASS = YES_ERROR;
				CLANG_WARN_UNREACHABLE_CODE = YES;
				CLANG_WARN__DUPLICATE_METHOD_MATCH = YES;
				"CODE_SIGN_IDENTITY[sdk=iphoneos*]" = "iPhone Developer";
				COPY_PHASE_STRIP = NO;
				DEBUG_INFORMATION_FORMAT = "dwarf-with-dsym";
				ENABLE_NS_ASSERTIONS = NO;
				ENABLE_STRICT_OBJC_MSGSEND = YES;
				GCC_C_LANGUAGE_STANDARD = gnu99;
				GCC_NO_COMMON_BLOCKS = YES;
				GCC_WARN_64_TO_32_BIT_CONVERSION = YES;
				GCC_WARN_ABOUT_RETURN_TYPE = YES_ERROR;
				GCC_WARN_UNDECLARED_SELECTOR = YES;
				GCC_WARN_UNINITIALIZED_AUTOS = YES_AGGRESSIVE;
				GCC_WARN_UNUSED_FUNCTION = YES;
				GCC_WARN_UNUSED_VARIABLE = YES;
				IPHONEOS_DEPLOYMENT_TARGET = 9.3;
				MTL_ENABLE_DEBUG_INFO = NO;
				SDKROOT = iphoneos;
				VALIDATE_PRODUCT = YES;
			};
			name = Release;
		};
		1A2567421D76C9450044373E /* Debug */ = {
			isa = XCBuildConfiguration;
			baseConfigurationReference = 2BFBBB9BBFD6143394F0D0B0 /* Pods-Classifieds.debug.xcconfig */;
			buildSettings = {
				ASSETCATALOG_COMPILER_APPICON_NAME = AppIcon;
				INFOPLIST_FILE = Classifieds/Info.plist;
				IPHONEOS_DEPLOYMENT_TARGET = 9.0;
				LD_RUNPATH_SEARCH_PATHS = "$(inherited) @executable_path/Frameworks";
				PRODUCT_BUNDLE_IDENTIFIER = com.mujtaba.Classifieds;
				PRODUCT_NAME = "$(TARGET_NAME)";
			};
			name = Debug;
		};
		1A2567431D76C9450044373E /* Release */ = {
			isa = XCBuildConfiguration;
			baseConfigurationReference = CB0045D14A17FACEECB1AC5A /* Pods-Classifieds.release.xcconfig */;
			buildSettings = {
				ASSETCATALOG_COMPILER_APPICON_NAME = AppIcon;
				INFOPLIST_FILE = Classifieds/Info.plist;
				IPHONEOS_DEPLOYMENT_TARGET = 9.0;
				LD_RUNPATH_SEARCH_PATHS = "$(inherited) @executable_path/Frameworks";
				PRODUCT_BUNDLE_IDENTIFIER = com.mujtaba.Classifieds;
				PRODUCT_NAME = "$(TARGET_NAME)";
			};
			name = Release;
		};
/* End XCBuildConfiguration section */

/* Begin XCConfigurationList section */
		1A2567251D76C9450044373E /* Build configuration list for PBXProject "Classifieds" */ = {
			isa = XCConfigurationList;
			buildConfigurations = (
				1A25673F1D76C9450044373E /* Debug */,
				1A2567401D76C9450044373E /* Release */,
			);
			defaultConfigurationIsVisible = 0;
			defaultConfigurationName = Release;
		};
		1A2567411D76C9450044373E /* Build configuration list for PBXNativeTarget "Classifieds" */ = {
			isa = XCConfigurationList;
			buildConfigurations = (
				1A2567421D76C9450044373E /* Debug */,
				1A2567431D76C9450044373E /* Release */,
			);
			defaultConfigurationIsVisible = 0;
			defaultConfigurationName = Release;
		};
/* End XCConfigurationList section */
	};
	rootObject = 1A2567221D76C9450044373E /* Project object */;
}
